
Microsoft Visual Studio Solution File, Format Version 12.00
# Visual Studio Version 16
VisualStudioVersion = 16.0.30406.217
MinimumVisualStudioVersion = 10.0.40219.1
Project("{FAE04EC0-301F-11D3-BF4B-00C04F79EFBC}") = "program5clase3", "program5clase3\program5clase3.csproj", "{FCD0F783-1CBE-4648-B6B8-A19AA2451C07}"
EndProject
Global
	GlobalSection(SolutionConfigurationPlatforms) = preSolution
		Debug|Any CPU = Debug|Any CPU
		Release|Any CPU = Release|Any CPU
	EndGlobalSection
	GlobalSection(ProjectConfigurationPlatforms) = postSolution
		{FCD0F783-1CBE-4648-B6B8-A19AA2451C07}.Debug|Any CPU.ActiveCfg = Debug|Any CPU
		{FCD0F783-1CBE-4648-B6B8-A19AA2451C07}.Debug|Any CPU.Build.0 = Debug|Any CPU
		{FCD0F783-1CBE-4648-B6B8-A19AA2451C07}.Release|Any CPU.ActiveCfg = Release|Any CPU
		{FCD0F783-1CBE-4648-B6B8-A19AA2451C07}.Release|Any CPU.Build.0 = Release|Any CPU
	EndGlobalSection
	GlobalSection(SolutionProperties) = preSolution
		HideSolutionNode = FALSE
	EndGlobalSection
	GlobalSection(ExtensibilityGlobals) = postSolution
		SolutionGuid = {633500EA-55F1-43A0-95F9-5CA04686C6D2}
	EndGlobalSection
EndGlobal
