
Microsoft Visual Studio Solution File, Format Version 12.00
# Visual Studio Version 16
VisualStudioVersion = 16.0.30406.217
MinimumVisualStudioVersion = 10.0.40219.1
Project("{FAE04EC0-301F-11D3-BF4B-00C04F79EFBC}") = "programa 02 prct7", "programa 02 prct7.csproj", "{5F2F96E6-805B-47D5-B92A-BAD7C361E75C}"
EndProject
Global
	GlobalSection(SolutionConfigurationPlatforms) = preSolution
		Debug|Any CPU = Debug|Any CPU
		Release|Any CPU = Release|Any CPU
	EndGlobalSection
	GlobalSection(ProjectConfigurationPlatforms) = postSolution
		{5F2F96E6-805B-47D5-B92A-BAD7C361E75C}.Debug|Any CPU.ActiveCfg = Debug|Any CPU
		{5F2F96E6-805B-47D5-B92A-BAD7C361E75C}.Debug|Any CPU.Build.0 = Debug|Any CPU
		{5F2F96E6-805B-47D5-B92A-BAD7C361E75C}.Release|Any CPU.ActiveCfg = Release|Any CPU
		{5F2F96E6-805B-47D5-B92A-BAD7C361E75C}.Release|Any CPU.Build.0 = Release|Any CPU
	EndGlobalSection
	GlobalSection(SolutionProperties) = preSolution
		HideSolutionNode = FALSE
	EndGlobalSection
	GlobalSection(ExtensibilityGlobals) = postSolution
		SolutionGuid = {DE5885B2-EFB8-4652-B350-FE778567EFBE}
	EndGlobalSection
EndGlobal
