
Microsoft Visual Studio Solution File, Format Version 12.00
# Visual Studio Version 16
VisualStudioVersion = 16.0.30406.217
MinimumVisualStudioVersion = 10.0.40219.1
Project("{FAE04EC0-301F-11D3-BF4B-00C04F79EFBC}") = "programa 2 prct 2", "programa 2 prct 2\programa 2 prct 2.csproj", "{55B92E71-25C6-48E0-ABF1-824D22872A36}"
EndProject
Global
	GlobalSection(SolutionConfigurationPlatforms) = preSolution
		Debug|Any CPU = Debug|Any CPU
		Release|Any CPU = Release|Any CPU
	EndGlobalSection
	GlobalSection(ProjectConfigurationPlatforms) = postSolution
		{55B92E71-25C6-48E0-ABF1-824D22872A36}.Debug|Any CPU.ActiveCfg = Debug|Any CPU
		{55B92E71-25C6-48E0-ABF1-824D22872A36}.Debug|Any CPU.Build.0 = Debug|Any CPU
		{55B92E71-25C6-48E0-ABF1-824D22872A36}.Release|Any CPU.ActiveCfg = Release|Any CPU
		{55B92E71-25C6-48E0-ABF1-824D22872A36}.Release|Any CPU.Build.0 = Release|Any CPU
	EndGlobalSection
	GlobalSection(SolutionProperties) = preSolution
		HideSolutionNode = FALSE
	EndGlobalSection
	GlobalSection(ExtensibilityGlobals) = postSolution
		SolutionGuid = {1160327B-E7FF-40E8-88EC-9C196C37F20B}
	EndGlobalSection
EndGlobal
