
Microsoft Visual Studio Solution File, Format Version 12.00
# Visual Studio Version 16
VisualStudioVersion = 16.0.30406.217
MinimumVisualStudioVersion = 10.0.40219.1
Project("{FAE04EC0-301F-11D3-BF4B-00C04F79EFBC}") = "programa 12 prct4", "programa 12 prct4\programa 12 prct4.csproj", "{7C976DC5-6EA0-458D-9B26-C1462FDF7104}"
EndProject
Global
	GlobalSection(SolutionConfigurationPlatforms) = preSolution
		Debug|Any CPU = Debug|Any CPU
		Release|Any CPU = Release|Any CPU
	EndGlobalSection
	GlobalSection(ProjectConfigurationPlatforms) = postSolution
		{7C976DC5-6EA0-458D-9B26-C1462FDF7104}.Debug|Any CPU.ActiveCfg = Debug|Any CPU
		{7C976DC5-6EA0-458D-9B26-C1462FDF7104}.Debug|Any CPU.Build.0 = Debug|Any CPU
		{7C976DC5-6EA0-458D-9B26-C1462FDF7104}.Release|Any CPU.ActiveCfg = Release|Any CPU
		{7C976DC5-6EA0-458D-9B26-C1462FDF7104}.Release|Any CPU.Build.0 = Release|Any CPU
	EndGlobalSection
	GlobalSection(SolutionProperties) = preSolution
		HideSolutionNode = FALSE
	EndGlobalSection
	GlobalSection(ExtensibilityGlobals) = postSolution
		SolutionGuid = {D0DCEF3D-D115-4679-BE9A-189D32B46FFE}
	EndGlobalSection
EndGlobal
