
Microsoft Visual Studio Solution File, Format Version 12.00
# Visual Studio Version 16
VisualStudioVersion = 16.0.30406.217
MinimumVisualStudioVersion = 10.0.40219.1
Project("{FAE04EC0-301F-11D3-BF4B-00C04F79EFBC}") = "programa 9 prct 2", "programa 9 prct 2\programa 9 prct 2.csproj", "{6C635A58-6C85-49C0-8770-1E088472280F}"
EndProject
Global
	GlobalSection(SolutionConfigurationPlatforms) = preSolution
		Debug|Any CPU = Debug|Any CPU
		Release|Any CPU = Release|Any CPU
	EndGlobalSection
	GlobalSection(ProjectConfigurationPlatforms) = postSolution
		{6C635A58-6C85-49C0-8770-1E088472280F}.Debug|Any CPU.ActiveCfg = Debug|Any CPU
		{6C635A58-6C85-49C0-8770-1E088472280F}.Debug|Any CPU.Build.0 = Debug|Any CPU
		{6C635A58-6C85-49C0-8770-1E088472280F}.Release|Any CPU.ActiveCfg = Release|Any CPU
		{6C635A58-6C85-49C0-8770-1E088472280F}.Release|Any CPU.Build.0 = Release|Any CPU
	EndGlobalSection
	GlobalSection(SolutionProperties) = preSolution
		HideSolutionNode = FALSE
	EndGlobalSection
	GlobalSection(ExtensibilityGlobals) = postSolution
		SolutionGuid = {F54EFCD1-7BFE-4676-8716-3BDF56E2FDE3}
	EndGlobalSection
EndGlobal
