
Microsoft Visual Studio Solution File, Format Version 12.00
# Visual Studio Version 16
VisualStudioVersion = 16.0.30406.217
MinimumVisualStudioVersion = 10.0.40219.1
Project("{FAE04EC0-301F-11D3-BF4B-00C04F79EFBC}") = "programa 3 prct 5", "programa 3 prct 5\programa 3 prct 5.csproj", "{7B8D66CF-73F9-47A9-B0E7-D77B333F58EE}"
EndProject
Global
	GlobalSection(SolutionConfigurationPlatforms) = preSolution
		Debug|Any CPU = Debug|Any CPU
		Release|Any CPU = Release|Any CPU
	EndGlobalSection
	GlobalSection(ProjectConfigurationPlatforms) = postSolution
		{7B8D66CF-73F9-47A9-B0E7-D77B333F58EE}.Debug|Any CPU.ActiveCfg = Debug|Any CPU
		{7B8D66CF-73F9-47A9-B0E7-D77B333F58EE}.Debug|Any CPU.Build.0 = Debug|Any CPU
		{7B8D66CF-73F9-47A9-B0E7-D77B333F58EE}.Release|Any CPU.ActiveCfg = Release|Any CPU
		{7B8D66CF-73F9-47A9-B0E7-D77B333F58EE}.Release|Any CPU.Build.0 = Release|Any CPU
	EndGlobalSection
	GlobalSection(SolutionProperties) = preSolution
		HideSolutionNode = FALSE
	EndGlobalSection
	GlobalSection(ExtensibilityGlobals) = postSolution
		SolutionGuid = {A36E2C0A-4F43-47FC-B631-0CA978910136}
	EndGlobalSection
EndGlobal
