
Microsoft Visual Studio Solution File, Format Version 12.00
# Visual Studio Version 16
VisualStudioVersion = 16.0.30406.217
MinimumVisualStudioVersion = 10.0.40219.1
Project("{FAE04EC0-301F-11D3-BF4B-00C04F79EFBC}") = "programa 2 prct 5", "programa 2 prct 5\programa 2 prct 5.csproj", "{A061F7C9-38FF-41CD-8810-3DC26490033B}"
EndProject
Global
	GlobalSection(SolutionConfigurationPlatforms) = preSolution
		Debug|Any CPU = Debug|Any CPU
		Release|Any CPU = Release|Any CPU
	EndGlobalSection
	GlobalSection(ProjectConfigurationPlatforms) = postSolution
		{A061F7C9-38FF-41CD-8810-3DC26490033B}.Debug|Any CPU.ActiveCfg = Debug|Any CPU
		{A061F7C9-38FF-41CD-8810-3DC26490033B}.Debug|Any CPU.Build.0 = Debug|Any CPU
		{A061F7C9-38FF-41CD-8810-3DC26490033B}.Release|Any CPU.ActiveCfg = Release|Any CPU
		{A061F7C9-38FF-41CD-8810-3DC26490033B}.Release|Any CPU.Build.0 = Release|Any CPU
	EndGlobalSection
	GlobalSection(SolutionProperties) = preSolution
		HideSolutionNode = FALSE
	EndGlobalSection
	GlobalSection(ExtensibilityGlobals) = postSolution
		SolutionGuid = {52D52570-BCFB-4184-AA9D-43B70DED400E}
	EndGlobalSection
EndGlobal
