
Microsoft Visual Studio Solution File, Format Version 12.00
# Visual Studio Version 16
VisualStudioVersion = 16.0.30406.217
MinimumVisualStudioVersion = 10.0.40219.1
Project("{FAE04EC0-301F-11D3-BF4B-00C04F79EFBC}") = "programa 4 prct 2", "programa 4 prct 2\programa 4 prct 2.csproj", "{0EF57707-C556-4BC4-8137-DF005FFAFFA1}"
EndProject
Global
	GlobalSection(SolutionConfigurationPlatforms) = preSolution
		Debug|Any CPU = Debug|Any CPU
		Release|Any CPU = Release|Any CPU
	EndGlobalSection
	GlobalSection(ProjectConfigurationPlatforms) = postSolution
		{0EF57707-C556-4BC4-8137-DF005FFAFFA1}.Debug|Any CPU.ActiveCfg = Debug|Any CPU
		{0EF57707-C556-4BC4-8137-DF005FFAFFA1}.Debug|Any CPU.Build.0 = Debug|Any CPU
		{0EF57707-C556-4BC4-8137-DF005FFAFFA1}.Release|Any CPU.ActiveCfg = Release|Any CPU
		{0EF57707-C556-4BC4-8137-DF005FFAFFA1}.Release|Any CPU.Build.0 = Release|Any CPU
	EndGlobalSection
	GlobalSection(SolutionProperties) = preSolution
		HideSolutionNode = FALSE
	EndGlobalSection
	GlobalSection(ExtensibilityGlobals) = postSolution
		SolutionGuid = {86BEC4BF-9EB8-4F65-9E1C-6D8A4BC4A179}
	EndGlobalSection
EndGlobal
