
Microsoft Visual Studio Solution File, Format Version 12.00
# Visual Studio Version 16
VisualStudioVersion = 16.0.30406.217
MinimumVisualStudioVersion = 10.0.40219.1
Project("{FAE04EC0-301F-11D3-BF4B-00C04F79EFBC}") = "programa 1 prct 2", "programa 1 prct 2\programa 1 prct 2.csproj", "{CFE559FF-65C0-4DA2-B050-1BCF8849F4AB}"
EndProject
Global
	GlobalSection(SolutionConfigurationPlatforms) = preSolution
		Debug|Any CPU = Debug|Any CPU
		Release|Any CPU = Release|Any CPU
	EndGlobalSection
	GlobalSection(ProjectConfigurationPlatforms) = postSolution
		{CFE559FF-65C0-4DA2-B050-1BCF8849F4AB}.Debug|Any CPU.ActiveCfg = Debug|Any CPU
		{CFE559FF-65C0-4DA2-B050-1BCF8849F4AB}.Debug|Any CPU.Build.0 = Debug|Any CPU
		{CFE559FF-65C0-4DA2-B050-1BCF8849F4AB}.Release|Any CPU.ActiveCfg = Release|Any CPU
		{CFE559FF-65C0-4DA2-B050-1BCF8849F4AB}.Release|Any CPU.Build.0 = Release|Any CPU
	EndGlobalSection
	GlobalSection(SolutionProperties) = preSolution
		HideSolutionNode = FALSE
	EndGlobalSection
	GlobalSection(ExtensibilityGlobals) = postSolution
		SolutionGuid = {4A847BB3-E777-4593-9A13-897442B0BA18}
	EndGlobalSection
EndGlobal
