
Microsoft Visual Studio Solution File, Format Version 12.00
# Visual Studio Version 16
VisualStudioVersion = 16.0.30406.217
MinimumVisualStudioVersion = 10.0.40219.1
Project("{FAE04EC0-301F-11D3-BF4B-00C04F79EFBC}") = "programa 1prct4", "programa 1prct4\programa 1prct4.csproj", "{69B733FC-CE33-4417-B814-FF0EEA668864}"
EndProject
Global
	GlobalSection(SolutionConfigurationPlatforms) = preSolution
		Debug|Any CPU = Debug|Any CPU
		Release|Any CPU = Release|Any CPU
	EndGlobalSection
	GlobalSection(ProjectConfigurationPlatforms) = postSolution
		{69B733FC-CE33-4417-B814-FF0EEA668864}.Debug|Any CPU.ActiveCfg = Debug|Any CPU
		{69B733FC-CE33-4417-B814-FF0EEA668864}.Debug|Any CPU.Build.0 = Debug|Any CPU
		{69B733FC-CE33-4417-B814-FF0EEA668864}.Release|Any CPU.ActiveCfg = Release|Any CPU
		{69B733FC-CE33-4417-B814-FF0EEA668864}.Release|Any CPU.Build.0 = Release|Any CPU
	EndGlobalSection
	GlobalSection(SolutionProperties) = preSolution
		HideSolutionNode = FALSE
	EndGlobalSection
	GlobalSection(ExtensibilityGlobals) = postSolution
		SolutionGuid = {ED2DC106-38B7-4FC5-ACDA-3449ED98329F}
	EndGlobalSection
EndGlobal
