
Microsoft Visual Studio Solution File, Format Version 12.00
# Visual Studio Version 16
VisualStudioVersion = 16.0.30406.217
MinimumVisualStudioVersion = 10.0.40219.1
Project("{FAE04EC0-301F-11D3-BF4B-00C04F79EFBC}") = "programa 1 pract 10", "programa 1 pract 10.csproj", "{2236B38E-4347-47EC-AEBD-EC24174B1DD9}"
EndProject
Global
	GlobalSection(SolutionConfigurationPlatforms) = preSolution
		Debug|Any CPU = Debug|Any CPU
		Release|Any CPU = Release|Any CPU
	EndGlobalSection
	GlobalSection(ProjectConfigurationPlatforms) = postSolution
		{2236B38E-4347-47EC-AEBD-EC24174B1DD9}.Debug|Any CPU.ActiveCfg = Debug|Any CPU
		{2236B38E-4347-47EC-AEBD-EC24174B1DD9}.Debug|Any CPU.Build.0 = Debug|Any CPU
		{2236B38E-4347-47EC-AEBD-EC24174B1DD9}.Release|Any CPU.ActiveCfg = Release|Any CPU
		{2236B38E-4347-47EC-AEBD-EC24174B1DD9}.Release|Any CPU.Build.0 = Release|Any CPU
	EndGlobalSection
	GlobalSection(SolutionProperties) = preSolution
		HideSolutionNode = FALSE
	EndGlobalSection
	GlobalSection(ExtensibilityGlobals) = postSolution
		SolutionGuid = {4CBC185E-689A-481F-9820-C65B681CF67B}
	EndGlobalSection
EndGlobal
