
Microsoft Visual Studio Solution File, Format Version 12.00
# Visual Studio Version 16
VisualStudioVersion = 16.0.30406.217
MinimumVisualStudioVersion = 10.0.40219.1
Project("{FAE04EC0-301F-11D3-BF4B-00C04F79EFBC}") = "programa 4 prct 6", "programa 4 prct 6.csproj", "{487C0BD1-4FCC-4737-BD11-CF0B33613EF4}"
EndProject
Global
	GlobalSection(SolutionConfigurationPlatforms) = preSolution
		Debug|Any CPU = Debug|Any CPU
		Release|Any CPU = Release|Any CPU
	EndGlobalSection
	GlobalSection(ProjectConfigurationPlatforms) = postSolution
		{487C0BD1-4FCC-4737-BD11-CF0B33613EF4}.Debug|Any CPU.ActiveCfg = Debug|Any CPU
		{487C0BD1-4FCC-4737-BD11-CF0B33613EF4}.Debug|Any CPU.Build.0 = Debug|Any CPU
		{487C0BD1-4FCC-4737-BD11-CF0B33613EF4}.Release|Any CPU.ActiveCfg = Release|Any CPU
		{487C0BD1-4FCC-4737-BD11-CF0B33613EF4}.Release|Any CPU.Build.0 = Release|Any CPU
	EndGlobalSection
	GlobalSection(SolutionProperties) = preSolution
		HideSolutionNode = FALSE
	EndGlobalSection
	GlobalSection(ExtensibilityGlobals) = postSolution
		SolutionGuid = {6CD5D4E8-82A7-4EDD-B2AD-1AF7E375CDA4}
	EndGlobalSection
EndGlobal
