
Microsoft Visual Studio Solution File, Format Version 12.00
# Visual Studio Version 16
VisualStudioVersion = 16.0.30406.217
MinimumVisualStudioVersion = 10.0.40219.1
Project("{FAE04EC0-301F-11D3-BF4B-00C04F79EFBC}") = "programa4prct1", "programa4prct1\programa4prct1.csproj", "{8DFC97C6-038D-4547-91C0-A215D6FBBF2E}"
EndProject
Global
	GlobalSection(SolutionConfigurationPlatforms) = preSolution
		Debug|Any CPU = Debug|Any CPU
		Release|Any CPU = Release|Any CPU
	EndGlobalSection
	GlobalSection(ProjectConfigurationPlatforms) = postSolution
		{8DFC97C6-038D-4547-91C0-A215D6FBBF2E}.Debug|Any CPU.ActiveCfg = Debug|Any CPU
		{8DFC97C6-038D-4547-91C0-A215D6FBBF2E}.Debug|Any CPU.Build.0 = Debug|Any CPU
		{8DFC97C6-038D-4547-91C0-A215D6FBBF2E}.Release|Any CPU.ActiveCfg = Release|Any CPU
		{8DFC97C6-038D-4547-91C0-A215D6FBBF2E}.Release|Any CPU.Build.0 = Release|Any CPU
	EndGlobalSection
	GlobalSection(SolutionProperties) = preSolution
		HideSolutionNode = FALSE
	EndGlobalSection
	GlobalSection(ExtensibilityGlobals) = postSolution
		SolutionGuid = {7324B467-5B50-4448-B2A9-D752E674F4D4}
	EndGlobalSection
EndGlobal
