
Microsoft Visual Studio Solution File, Format Version 12.00
# Visual Studio Version 16
VisualStudioVersion = 16.0.30406.217
MinimumVisualStudioVersion = 10.0.40219.1
Project("{FAE04EC0-301F-11D3-BF4B-00C04F79EFBC}") = "programa3clase2", "programa3clase2\programa3clase2.csproj", "{38C2F671-D718-4C11-AD7A-194915AA9898}"
EndProject
Global
	GlobalSection(SolutionConfigurationPlatforms) = preSolution
		Debug|Any CPU = Debug|Any CPU
		Release|Any CPU = Release|Any CPU
	EndGlobalSection
	GlobalSection(ProjectConfigurationPlatforms) = postSolution
		{38C2F671-D718-4C11-AD7A-194915AA9898}.Debug|Any CPU.ActiveCfg = Debug|Any CPU
		{38C2F671-D718-4C11-AD7A-194915AA9898}.Debug|Any CPU.Build.0 = Debug|Any CPU
		{38C2F671-D718-4C11-AD7A-194915AA9898}.Release|Any CPU.ActiveCfg = Release|Any CPU
		{38C2F671-D718-4C11-AD7A-194915AA9898}.Release|Any CPU.Build.0 = Release|Any CPU
	EndGlobalSection
	GlobalSection(SolutionProperties) = preSolution
		HideSolutionNode = FALSE
	EndGlobalSection
	GlobalSection(ExtensibilityGlobals) = postSolution
		SolutionGuid = {3CB23EFE-9C75-4A83-8FED-6CC9C958CCBB}
	EndGlobalSection
EndGlobal
