
Microsoft Visual Studio Solution File, Format Version 12.00
# Visual Studio Version 16
VisualStudioVersion = 16.0.30406.217
MinimumVisualStudioVersion = 10.0.40219.1
Project("{FAE04EC0-301F-11D3-BF4B-00C04F79EFBC}") = "programa 8 prct 2", "programa 8 prct 2\programa 8 prct 2.csproj", "{AD959664-E1D5-4308-9326-4EC9E3B8EE6F}"
EndProject
Global
	GlobalSection(SolutionConfigurationPlatforms) = preSolution
		Debug|Any CPU = Debug|Any CPU
		Release|Any CPU = Release|Any CPU
	EndGlobalSection
	GlobalSection(ProjectConfigurationPlatforms) = postSolution
		{AD959664-E1D5-4308-9326-4EC9E3B8EE6F}.Debug|Any CPU.ActiveCfg = Debug|Any CPU
		{AD959664-E1D5-4308-9326-4EC9E3B8EE6F}.Debug|Any CPU.Build.0 = Debug|Any CPU
		{AD959664-E1D5-4308-9326-4EC9E3B8EE6F}.Release|Any CPU.ActiveCfg = Release|Any CPU
		{AD959664-E1D5-4308-9326-4EC9E3B8EE6F}.Release|Any CPU.Build.0 = Release|Any CPU
	EndGlobalSection
	GlobalSection(SolutionProperties) = preSolution
		HideSolutionNode = FALSE
	EndGlobalSection
	GlobalSection(ExtensibilityGlobals) = postSolution
		SolutionGuid = {DD8C1819-366A-461F-9176-E14094F3A922}
	EndGlobalSection
EndGlobal
